{
  "name": "miniprogram",
  "version": "1.0.0",
  "lockfileVersion": 2,
  "requires": true,
  "packages": {
    "": {
      "name": "miniprogram",
      "version": "1.0.0",
      "license": "ISC",
      "dependencies": {
        "js-base64": "^2.5.1",
        "weui-miniprogram": "^1.2.7"
      },
      "devDependencies": {}
    },
    "node_modules/js-base64": {
      "version": "2.6.4",
      "resolved": "https://registry.npmmirror.com/js-base64/-/js-base64-2.6.4.tgz",
      "integrity": "sha512-pZe//GGmwJndub7ZghVHz7vjb2LgC1m8B07Au3eYqeqv9emhESByMXxaEgkUkEqJe87oBbSniGYoQNIBklc7IQ=="
    },
    "node_modules/weui-miniprogram": {
      "version": "1.2.7",
      "resolved": "https://registry.npmmirror.com/weui-miniprogram/-/weui-miniprogram-1.2.7.tgz",
      "integrity": "sha512-KuoMzfwqw8x0jdURJc3NnsHziNOw11e6EJsW4mkROIH6QQjorMEhwAxj6aFZuPRnGZLFFFIz2TATxlUYxqoh0Q=="
    }
  },
  "dependencies": {
    "js-base64": {
      "version": "2.6.4",
      "resolved": "https://registry.npmmirror.com/js-base64/-/js-base64-2.6.4.tgz",
      "integrity": "sha512-pZe//GGmwJndub7ZghVHz7vjb2LgC1m8B07Au3eYqeqv9emhESByMXxaEgkUkEqJe87oBbSniGYoQNIBklc7IQ=="
    },
    "weui-miniprogram": {
      "version": "1.2.7",
      "resolved": "https://registry.npmmirror.com/weui-miniprogram/-/weui-miniprogram-1.2.7.tgz",
      "integrity": "sha512-KuoMzfwqw8x0jdURJc3NnsHziNOw11e6EJsW4mkROIH6QQjorMEhwAxj6aFZuPRnGZLFFFIz2TATxlUYxqoh0Q=="
    }
  }
}
